
Microsoft Visual Studio Solution File, Format Version 12.00
# Visual Studio Version 16
VisualStudioVersion = 16.0.30907.101
MinimumVisualStudioVersion = 10.0.40219.1
Project("{FAE04EC0-301F-11D3-BF4B-00C04F79EFBC}") = "Lab4", "Lab4.csproj", "{A8CDFFF7-EE85-4184-AA4F-AB0DF52A8C31}"
EndProject
Global
	GlobalSection(SolutionConfigurationPlatforms) = preSolution
		Debug|Any CPU = Debug|Any CPU
		Release|Any CPU = Release|Any CPU
	EndGlobalSection
	GlobalSection(ProjectConfigurationPlatforms) = postSolution
		{A8CDFFF7-EE85-4184-AA4F-AB0DF52A8C31}.Debug|Any CPU.ActiveCfg = Debug|Any CPU
		{A8CDFFF7-EE85-4184-AA4F-AB0DF52A8C31}.Debug|Any CPU.Build.0 = Debug|Any CPU
		{A8CDFFF7-EE85-4184-AA4F-AB0DF52A8C31}.Release|Any CPU.ActiveCfg = Release|Any CPU
		{A8CDFFF7-EE85-4184-AA4F-AB0DF52A8C31}.Release|Any CPU.Build.0 = Release|Any CPU
	EndGlobalSection
	GlobalSection(SolutionProperties) = preSolution
		HideSolutionNode = FALSE
	EndGlobalSection
	GlobalSection(ExtensibilityGlobals) = postSolution
		SolutionGuid = {583E4719-9475-4DE1-B466-E1C2C9781964}
	EndGlobalSection
EndGlobal
